github.com/google/go-cmp v0.5.5 h1:Khx7svrCpmxxtHBq5j2mp/xVjsi8hQMfNLvJFAlrGgU=
github.com/google/go-cmp v0.5.5/go.mod h1:v8dTdLbMG2kIc/vJvl+f65V22dbkXbowE6jgT/gNBxE=
github.com/leep-frog/command v0.0.0-20210510004419-0c47397c17e5 h1:CuiWNmDrR+/EMqUFenkGj2l6axR1YhzWOdl5DDb/UDs=
github.com/leep-frog/command v0.0.0-20210510004419-0c47397c17e5/go.mod h1:ir5/yEP+6f6CQa4NivSdA1lPeyq+nouR7WjSfdXnL8g=
github.com/leep-frog/command v0.0.0-20210510153513-fd94be9c1a48 h1:/oiTffP68sI+/1hGy5uTDsO/YssqI5e4c8ux6uLbvJI=
github.com/leep-frog/command v0.0.0-20210510153513-fd94be9c1a48/go.mod h1:ir5/yEP+6f6CQa4NivSdA1lPeyq+nouR7WjSfdXnL8g=
github.com/leep-frog/command v0.0.0-20210510163846-9812bbe010c5 h1:WRVGc6zf3JHmat5s5mPDDV8nAWCsrFdQm4ReNdJxLos=
github.com/leep-frog/command v0.0.0-20210510163846-9812bbe010c5/go.mod h1:ir5/yEP+6f6CQa4NivSdA1lPeyq+nouR7WjSfdXnL8g=
github.com/leep-frog/command v0.0.0-20210510164034-8b174eca09a0 h1:JZKNyaSwWbqERgcCzNcp9SOe5LwxbkU5pe7YjkHzqc0=
github.com/leep-frog/command v0.0.0-20210510164034-8b174eca09a0/go.mod h1:ir5/yEP+6f6CQa4NivSdA1lPeyq+nouR7WjSfdXnL8g=
github.com/leep-frog/command v0.0.0-20210516144457-c9dece5d187d h1:gqeBSYvKWIbpCHOeM9Yhgg19xbWCylepeH/vOqCGCmw=
github.com/leep-frog/command v0.0.0-20210516144457-c9dece5d187d/go.mod h1:ir5/yEP+6f6CQa4NivSdA1lPeyq+nouR7WjSfdXnL8g=
github.com/leep-frog/command v0.0.0-20210516233337-0648b8282829 h1:7tdr0Bfd1S22ieRyc3IDFnyCDA7ERIHoDAU5gQiKeuM=
github.com/leep-frog/command v0.0.0-20210516233337-0648b8282829/go.mod h1:ir5/yEP+6f6CQa4NivSdA1lPeyq+nouR7WjSfdXnL8g=
github.com/leep-frog/command v0.0.0-20210806173401-26e994f30cea h1:NjPWn4n4MadI+4m5FBj9CL8FBIjMtUxhJD9jYC8QXFA=
github.com/leep-frog/command v0.0.0-20210806173401-26e994f30cea/go.mod h1:ir5/yEP+6f6CQa4NivSdA1lPeyq+nouR7WjSfdXnL8g=
github.com/leep-frog/command v0.0.0-20210807234111-7e7a92e0253a h1:3YK1C4XvC6ILvKdVqXkW/G+GT98fooq84IgVRvik7do=
github.com/leep-frog/command v0.0.0-20210807234111-7e7a92e0253a/go.mod h1:ir5/yEP+6f6CQa4NivSdA1lPeyq+nouR7WjSfdXnL8g=
github.com/leep-frog/command v0.0.0-20210809162040-deafd53884e7 h1:lourUbt9YPxVmEPUCedvwCew/MPkdvlyDSY23SzLWJI=
github.com/leep-frog/command v0.0.0-20210809162040-deafd53884e7/go.mod h1:ir5/yEP+6f6CQa4NivSdA1lPeyq+nouR7WjSfdXnL8g=
github.com/leep-frog/command v0.0.0-20210809214041-56391eb7e2e4 h1:U4ALE78mRfRnoARRq6Pmi8nzdRdsug2chJFOh9GqrvQ=
github.com/leep-frog/command v0.0.0-20210809214041-56391eb7e2e4/go.mod h1:ir5/yEP+6f6CQa4NivSdA1lPeyq+nouR7WjSfdXnL8g=
github.com/leep-frog/command v0.0.0-20210810014926-c16da4e21208 h1:aTHG/EM31mYDR5g3vPkpn1MNxQbdcBXsNy2h+vGgMvo=
github.com/leep-frog/command v0.0.0-20210810014926-c16da4e21208/go.mod h1:ir5/yEP+6f6CQa4NivSdA1lPeyq+nouR7WjSfdXnL8g=
github.com/leep-frog/command v0.0.0-20210810023240-c10446052cc2 h1:DsE6wrmM6MNYYiBV9wost794GQf1d7YEzLOrYc/zDRQ=
github.com/leep-frog/command v0.0.0-20210810023240-c10446052cc2/go.mod h1:ir5/yEP+6f6CQa4NivSdA1lPeyq+nouR7WjSfdXnL8g=
github.com/leep-frog/command v0.0.0-20210811104024-23f68b269d77 h1:X+x84RustI8v/KnpLhUx9OB0KPugcO/8YEfdgRQNX1w=
github.com/leep-frog/command v0.0.0-20210811104024-23f68b269d77/go.mod h1:ir5/yEP+6f6CQa4NivSdA1lPeyq+nouR7WjSfdXnL8g=
github.com/leep-frog/command v0.0.0-20210827203424-9ec9de07be4d h1:quFuurYXDwZO7EODAafuqV+MbFmwhfepTBA2G7EjIww=
github.com/leep-frog/command v0.0.0-20210827203424-9ec9de07be4d/go.mod h1:ir5/yEP+6f6CQa4NivSdA1lPeyq+nouR7WjSfdXnL8g=
github.com/leep-frog/command v0.0.0-20210827215111-9a35815e918c h1:E+MGj8wLmC/ubH2bQDJD0onY8EioyawjLiwQ8NIwaFM=
github.com/leep-frog/command v0.0.0-20210827215111-9a35815e918c/go.mod h1:ir5/yEP+6f6CQa4NivSdA1lPeyq+nouR7WjSfdXnL8g=
github.com/leep-frog/command v0.0.0-20210829022149-a73475d1b9b7 h1:X0uoijoAdZi1t6z99LM/CvEldFecvQyliu1/KzWtLts=
github.com/leep-frog/command v0.0.0-20210829022149-a73475d1b9b7/go.mod h1:ir5/yEP+6f6CQa4NivSdA1lPeyq+nouR7WjSfdXnL8g=
github.com/leep-frog/command v0.0.0-20210829135054-084aa3e0168b h1:zcTTZl7UetsABu9YkDrAnq+BIjHqfMh7hvidppxKWTc=
github.com/leep-frog/command v0.0.0-20210829135054-084aa3e0168b/go.mod h1:ir5/yEP+6f6CQa4NivSdA1lPeyq+nouR7WjSfdXnL8g=
github.com/leep-frog/command v0.0.0-20210829140759-63f6672e702e h1:2ZvjBrj+SY3Y0Tty13r55D0I5exhg+ACmWUsErHDlk4=
github.com/leep-frog/command v0.0.0-20210829140759-63f6672e702e/go.mod h1:ir5/yEP+6f6CQa4NivSdA1lPeyq+nouR7WjSfdXnL8g=
github.com/leep-frog/command v0.0.0-20210829164603-e25b0f1052b2 h1:Xz1Ky4SMnIYhNwnNc5kvlUc7CXY1deqgigzflm2f98U=
github.com/leep-frog/command v0.0.0-20210829164603-e25b0f1052b2/go.mod h1:ir5/yEP+6f6CQa4NivSdA1lPeyq+nouR7WjSfdXnL8g=
github.com/leep-frog/command v0.0.0-20210829173035-82c95be751b5 h1:MiWEYAER9LyyxG8fXTBC3aAzcvoN4J3nYA4IJmrPkso=
github.com/leep-frog/command v0.0.0-20210829173035-82c95be751b5/go.mod h1:ir5/yEP+6f6CQa4NivSdA1lPeyq+nouR7WjSfdXnL8g=
github.com/leep-frog/command v0.0.0-20210829175705-6f87ad0b1476 h1:Noo0rXN/AAEZUdyfOTFzQTty+OaATnofjO4UB+tlMUU=
github.com/leep-frog/command v0.0.0-20210829175705-6f87ad0b1476/go.mod h1:ir5/yEP+6f6CQa4NivSdA1lPeyq+nouR7WjSfdXnL8g=
github.com/leep-frog/command v0.0.0-20211102113617-035aee24b61d h1:SJevLYibjFVBiz/i8LXMxcsxNHtFPW1pB34KzVEdHZA=
github.com/leep-frog/command v0.0.0-20211102113617-035aee24b61d/go.mod h1:ir5/yEP+6f6CQa4NivSdA1lPeyq+nouR7WjSfdXnL8g=
github.com/leep-frog/command v0.0.0-20211104014322-57fd6ec6f95c h1:r8SBAI0LOlP9IigrXehIqhV86oWfZaH9r984co0LZOI=
github.com/leep-frog/command v0.0.0-20211104014322-57fd6ec6f95c/go.mod h1:ir5/yEP+6f6CQa4NivSdA1lPeyq+nouR7WjSfdXnL8g=
github.com/leep-frog/command v0.0.0-20211109024656-24ba467c6f12 h1:k2wMZE4bEtm4zQpoqeP/7ZhwzeDMa0bxn4lCaand+m4=
github.com/leep-frog/command v0.0.0-20211109024656-24ba467c6f12/go.mod h1:ir5/yEP+6f6CQa4NivSdA1lPeyq+nouR7WjSfdXnL8g=
github.com/leep-frog/command v0.0.0-20211112013308-48e617ff7051 h1:H9GhuOSB4ASrxMaCAkpEV7rLSnIKZi1x9AiVS9bet5Q=
github.com/leep-frog/command v0.0.0-20211112013308-48e617ff7051/go.mod h1:ir5/yEP+6f6CQa4NivSdA1lPeyq+nouR7WjSfdXnL8g=
github.com/leep-frog/command v0.0.0-20211116195851-ffed1238d9a7 h1:vcguto1ltZm8wWgqGiNqJZGrADENJk1BOuv+NkHz1b8=
github.com/leep-frog/command v0.0.0-20211116195851-ffed1238d9a7/go.mod h1:ir5/yEP+6f6CQa4NivSdA1lPeyq+nouR7WjSfdXnL8g=
github.com/leep-frog/command v0.0.0-20211217055628-f4cd4e7be992 h1:MobKcMdoUzR/JdsRJFvr+WXoxSyVF1BiFL37er6KEuE=
github.com/leep-frog/command v0.0.0-20211217055628-f4cd4e7be992/go.mod h1:ir5/yEP+6f6CQa4NivSdA1lPeyq+nouR7WjSfdXnL8g=
github.com/leep-frog/command v0.0.0-20211221151923-5470486c86df h1:OU7Q1MK1fHSGEUXLm8X7Ldg5+0rTTioikuos5Tu1C5s=
github.com/leep-frog/command v0.0.0-20211221151923-5470486c86df/go.mod h1:ir5/yEP+6f6CQa4NivSdA1lPeyq+nouR7WjSfdXnL8g=
github.com/leep-frog/command v0.0.0-20211231131522-bc84a2cb9adc h1:HHeny66tX9Dy8oETd0jg/zPIBRsorFGQ9cGbcM7aB3s=
github.com/leep-frog/command v0.0.0-20211231131522-bc84a2cb9adc/go.mod h1:ir5/yEP+6f6CQa4NivSdA1lPeyq+nouR7WjSfdXnL8g=
github.com/leep-frog/command v0.0.0-20220112013257-1422309dd2f4 h1:vzCEQ5OI/mdi4a8FoatGMpRC/pWQebWJlYjobJV55x8=
github.com/leep-frog/command v0.0.0-20220112013257-1422309dd2f4/go.mod h1:ir5/yEP+6f6CQa4NivSdA1lPeyq+nouR7WjSfdXnL8g=
github.com/leep-frog/command v0.0.0-20220112151342-7fe90023cb19 h1:g8BqiL1H4XS//k0e70im+a/BruhnSSp2gzG3v23Drtc=
github.com/leep-frog/command v0.0.0-20220112151342-7fe90023cb19/go.mod h1:ir5/yEP+6f6CQa4NivSdA1lPeyq+nouR7WjSfdXnL8g=
github.com/leep-frog/command v0.0.0-20220121191544-e63808c1fae4 h1:CF1eedE+MhNPim680YTaZUCG3VlxbFKHaX26Xzn0TzI=
github.com/leep-frog/command v0.0.0-20220121191544-e63808c1fae4/go.mod h1:u8VAqAZpazWvSHp5wlOjmLTl3iK6TV/+UK/zTZREXdQ=
github.com/leep-frog/command v0.0.0-20220321155643-b85b8463c7fa h1:H4rWNlO7XL82MTnAftg3JtPko/OLfsV1pqxhmrBwfqY=
github.com/leep-frog/command v0.0.0-20220321155643-b85b8463c7fa/go.mod h1:fENOaVkhnQ/AKhBy7Pbkpd2l65h9R5ZQEspLn6bjNIE=
github.com/leep-frog/command v0.0.0-20220502012811-ab0a7316590b h1:rXvrva2ZQzTadot0XLLCr9k8C+Gmwj/tBvLHEvMpSLY=
github.com/leep-frog/command v0.0.0-20220502012811-ab0a7316590b/go.mod h1:fENOaVkhnQ/AKhBy7Pbkpd2l65h9R5ZQEspLn6bjNIE=
github.com/leep-frog/command v0.0.0-20220507012003-a0a93b79a38c h1:tUYislVk7UAeJoRmbmliaqsVrghSeKJ4dqCHV0lgtX4=
github.com/leep-frog/command v0.0.0-20220507012003-a0a93b79a38c/go.mod h1:fENOaVkhnQ/AKhBy7Pbkpd2l65h9R5ZQEspLn6bjNIE=
github.com/leep-frog/command v0.0.0-20220702192851-9c83a81e230f h1:JxAaReaLN0dOS+tpO7VAc1LPpC1ejXAHM1kZgckOKps=
github.com/leep-frog/command v0.0.0-20220702192851-9c83a81e230f/go.mod h1:Rd1Wj9R6mxmO2cPMosUt72SwGFr68HOdykDbwVMwWE4=
github.com/leep-frog/command v0.0.0-20220703003206-38c5f98782cb h1:I19W0IvbXvg0MpXR6eLU0ymC78Gk8+6QakPTNN9LaYI=
github.com/leep-frog/command v0.0.0-20220703003206-38c5f98782cb/go.mod h1:Rd1Wj9R6mxmO2cPMosUt72SwGFr68HOdykDbwVMwWE4=
github.com/leep-frog/command v0.0.0-20220820035330-c356b6c0031c h1:DGPuoZ8I2ea0mSoJpAeD3VoveCz/t1Ksvvsi2T0EbBg=
github.com/leep-frog/command v0.0.0-20220820035330-c356b6c0031c/go.mod h1:Rd1Wj9R6mxmO2cPMosUt72SwGFr68HOdykDbwVMwWE4=
github.com/leep-frog/command v0.0.0-20220908170245-84c655f5a5ed h1:ryMg5QVfHOSellVe44EO3+YA1tLLm4XynG9Vm8JQvZ0=
github.com/leep-frog/command v0.0.0-20220908170245-84c655f5a5ed/go.mod h1:Rd1Wj9R6mxmO2cPMosUt72SwGFr68HOdykDbwVMwWE4=
github.com/leep-frog/command v0.0.0-20220913175955-ecdd7a1059e5 h1:4C9Q+SWaIjMu5a0w5kfw0/Xwte44KxGUZSuqy71yIM4=
github.com/leep-frog/command v0.0.0-20220913175955-ecdd7a1059e5/go.mod h1:Rd1Wj9R6mxmO2cPMosUt72SwGFr68HOdykDbwVMwWE4=
github.com/leep-frog/command v0.0.0-20220920143717-e0c506afae3f h1:4v4fWZLZpCc8JbdQgS93hA9B7YJj1lU6+iNVDT0XFeE=
github.com/leep-frog/command v0.0.0-20220920143717-e0c506afae3f/go.mod h1:Rd1Wj9R6mxmO2cPMosUt72SwGFr68HOdykDbwVMwWE4=
github.com/leep-frog/command v0.0.0-20230130194339-5192720eb044 h1:3kgCI/oXKrpm8XNISnhd/tLwI1tcNM5xes/8y9SKs1Y=
github.com/leep-frog/command v0.0.0-20230130194339-5192720eb044/go.mod h1:Rd1Wj9R6mxmO2cPMosUt72SwGFr68HOdykDbwVMwWE4=
golang.org/x/exp v0.0.0-20220321124402-2d6d886f8a82 h1:P3h2IfqHFILVjDaCKXyuKMprdEyIbrbKevbf2EB6lQI=
golang.org/x/exp v0.0.0-20220321124402-2d6d886f8a82/go.mod h1:lgLbSvA5ygNOMpwM/9anMpWVlVJ7Z+cHWq/eFuinpGE=
golang.org/x/xerrors v0.0.0-20191204190536-9bdfabe68543 h1:E7g+9GITq07hpfrRu66IVDexMakfv52eLZ2CXBWiKr4=
golang.org/x/xerrors v0.0.0-20191204190536-9bdfabe68543/go.mod h1:I/5z698sn9Ka8TeJc9MKroUUfqBBauWjQqLJ2OPfmY0=
golang.org/x/xerrors v0.0.0-20200804184101-5ec99f83aff1 h1:go1bK/D/BFZV2I8cIQd1NKEZ+0owSTG1fDTci4IqFcE=
golang.org/x/xerrors v0.0.0-20200804184101-5ec99f83aff1/go.mod h1:I/5z698sn9Ka8TeJc9MKroUUfqBBauWjQqLJ2OPfmY0=
